// !$*UTF8*$!
{
	archiveVersion = 1;
	classes = {
	};
	objectVersion = 50;
	objects = {

/* Begin PBXBuildFile section */
		023935CB2202284F009D1FF1 /* AppDelegate.swift in Sources */ = {isa = PBXBuildFile; fileRef = 023935CA2202284F009D1FF1 /* AppDelegate.swift */; };
		023935D02202284F009D1FF1 /* Main.storyboard in Resources */ = {isa = PBXBuildFile; fileRef = 023935CE2202284F009D1FF1 /* Main.storyboard */; };
		023935D222022851009D1FF1 /* Assets.xcassets in Resources */ = {isa = PBXBuildFile; fileRef = 023935D122022851009D1FF1 /* Assets.xcassets */; };
		023935D522022851009D1FF1 /* LaunchScreen.storyboard in Resources */ = {isa = PBXBuildFile; fileRef = 023935D322022851009D1FF1 /* LaunchScreen.storyboard */; };
		023935E322022B23009D1FF1 /* TableViewCellCustom.swift in Sources */ = {isa = PBXBuildFile; fileRef = 023935E222022B23009D1FF1 /* TableViewCellCustom.swift */; };
		023935E722022C0E009D1FF1 /* ViewControllerItem.swift in Sources */ = {isa = PBXBuildFile; fileRef = 023935E522022C0E009D1FF1 /* ViewControllerItem.swift */; };
		023935E922022C2A009D1FF1 /* Pokemon.swift in Sources */ = {isa = PBXBuildFile; fileRef = 023935E822022C2A009D1FF1 /* Pokemon.swift */; };
		02F2333E2204C2580006F985 /* CSV.swift in Sources */ = {isa = PBXBuildFile; fileRef = 02F2333D2204C2580006F985 /* CSV.swift */; };
		02F233402204C32C0006F985 /* Utils.swift in Sources */ = {isa = PBXBuildFile; fileRef = 02F2333F2204C32C0006F985 /* Utils.swift */; };
		02F233422204C37B0006F985 /* pokemon.csv in Resources */ = {isa = PBXBuildFile; fileRef = 02F233412204C37B0006F985 /* pokemon.csv */; };
		FA37217B22303CB300A291F0 /* ViewControllerPokemons.swift in Sources */ = {isa = PBXBuildFile; fileRef = FA37217A22303CB300A291F0 /* ViewControllerPokemons.swift */; };
/* End PBXBuildFile section */

/* Begin PBXFileReference section */
		023935C72202284F009D1FF1 /* pokemons.app */ = {isa = PBXFileReference; explicitFileType = wrapper.application; includeInIndex = 0; path = pokemons.app; sourceTree = BUILT_PRODUCTS_DIR; };
		023935CA2202284F009D1FF1 /* AppDelegate.swift */ = {isa = PBXFileReference; lastKnownFileType = sourcecode.swift; path = AppDelegate.swift; sourceTree = "<group>"; };
		023935CF2202284F009D1FF1 /* Base */ = {isa = PBXFileReference; lastKnownFileType = file.storyboard; name = Base; path = Base.lproj/Main.storyboard; sourceTree = "<group>"; };
		023935D122022851009D1FF1 /* Assets.xcassets */ = {isa = PBXFileReference; lastKnownFileType = folder.assetcatalog; path = Assets.xcassets; sourceTree = "<group>"; };
		023935D422022851009D1FF1 /* Base */ = {isa = PBXFileReference; lastKnownFileType = file.storyboard; name = Base; path = Base.lproj/LaunchScreen.storyboard; sourceTree = "<group>"; };
		023935D622022851009D1FF1 /* Info.plist */ = {isa = PBXFileReference; lastKnownFileType = text.plist.xml; path = Info.plist; sourceTree = "<group>"; };
		023935E222022B23009D1FF1 /* TableViewCellCustom.swift */ = {isa = PBXFileReference; fileEncoding = 4; lastKnownFileType = sourcecode.swift; path = TableViewCellCustom.swift; sourceTree = "<group>"; };
		023935E522022C0E009D1FF1 /* ViewControllerItem.swift */ = {isa = PBXFileReference; fileEncoding = 4; lastKnownFileType = sourcecode.swift; path = ViewControllerItem.swift; sourceTree = "<group>"; };
		023935E822022C2A009D1FF1 /* Pokemon.swift */ = {isa = PBXFileReference; lastKnownFileType = sourcecode.swift; path = Pokemon.swift; sourceTree = "<group>"; };
		02F2333D2204C2580006F985 /* CSV.swift */ = {isa = PBXFileReference; lastKnownFileType = sourcecode.swift; path = CSV.swift; sourceTree = "<group>"; };
		02F2333F2204C32C0006F985 /* Utils.swift */ = {isa = PBXFileReference; lastKnownFileType = sourcecode.swift; path = Utils.swift; sourceTree = "<group>"; };
		02F233412204C37B0006F985 /* pokemon.csv */ = {isa = PBXFileReference; fileEncoding = 4; lastKnownFileType = text; path = pokemon.csv; sourceTree = "<group>"; };
		FA37217A22303CB300A291F0 /* ViewControllerPokemons.swift */ = {isa = PBXFileReference; lastKnownFileType = sourcecode.swift; path = "\b\bViewControllerPokemons.swift"; sourceTree = "<group>"; };
/* End PBXFileReference section */

/* Begin PBXFrameworksBuildPhase section */
		023935C42202284F009D1FF1 /* Frameworks */ = {
			isa = PBXFrameworksBuildPhase;
			buildActionMask = 2147483647;
			files = (
			);
			runOnlyForDeploymentPostprocessing = 0;
		};
/* End PBXFrameworksBuildPhase section */

/* Begin PBXGroup section */
		023935BE2202284F009D1FF1 = {
			isa = PBXGroup;
			children = (
				023935C92202284F009D1FF1 /* pokemons */,
				023935C82202284F009D1FF1 /* Products */,
			);
			sourceTree = "<group>";
		};
		023935C82202284F009D1FF1 /* Products */ = {
			isa = PBXGroup;
			children = (
				023935C72202284F009D1FF1 /* pokemons.app */,
			);
			name = Products;
			sourceTree = "<group>";
		};
		023935C92202284F009D1FF1 /* pokemons */ = {
			isa = PBXGroup;
			children = (
				FA8E166622312F6400A502D5 /* views */,
				FA8E166522312F4800A502D5 /* controllers */,
				FA8E166422312F3B00A502D5 /* model */,
				FA8E166322312F1C00A502D5 /* data */,
				023935CA2202284F009D1FF1 /* AppDelegate.swift */,
				023935CE2202284F009D1FF1 /* Main.storyboard */,
				023935D122022851009D1FF1 /* Assets.xcassets */,
				023935D322022851009D1FF1 /* LaunchScreen.storyboard */,
				023935D622022851009D1FF1 /* Info.plist */,
				02F2333F2204C32C0006F985 /* Utils.swift */,
			);
			path = pokemons;
			sourceTree = "<group>";
		};
		FA8E166322312F1C00A502D5 /* data */ = {
			isa = PBXGroup;
			children = (
				02F2333D2204C2580006F985 /* CSV.swift */,
				02F233412204C37B0006F985 /* pokemon.csv */,
			);
			path = data;
			sourceTree = "<group>";
		};
		FA8E166422312F3B00A502D5 /* model */ = {
			isa = PBXGroup;
			children = (
				023935E822022C2A009D1FF1 /* Pokemon.swift */,
			);
			path = model;
			sourceTree = "<group>";
		};
		FA8E166522312F4800A502D5 /* controllers */ = {
			isa = PBXGroup;
			children = (
				023935E522022C0E009D1FF1 /* ViewControllerItem.swift */,
				FA37217A22303CB300A291F0 /* ViewControllerPokemons.swift */,
			);
			path = controllers;
			sourceTree = "<group>";
		};
		FA8E166622312F6400A502D5 /* views */ = {
			isa = PBXGroup;
			children = (
				023935E222022B23009D1FF1 /* TableViewCellCustom.swift */,
			);
			path = views;
			sourceTree = "<group>";
		};
/* End PBXGroup section */

/* Begin PBXNativeTarget section */
		023935C62202284F009D1FF1 /* pokemons */ = {
			isa = PBXNativeTarget;
			buildConfigurationList = 023935D922022851009D1FF1 /* Build configuration list for PBXNativeTarget "pokemons" */;
			buildPhases = (
				023935C32202284F009D1FF1 /* Sources */,
				023935C42202284F009D1FF1 /* Frameworks */,
				023935C52202284F009D1FF1 /* Resources */,
			);
			buildRules = (
			);
			dependencies = (
			);
			name = pokemons;
			productName = pokemons;
			productReference = 023935C72202284F009D1FF1 /* pokemons.app */;
			productType = "com.apple.product-type.application";
		};
/* End PBXNativeTarget section */

/* Begin PBXProject section */
		023935BF2202284F009D1FF1 /* Project object */ = {
			isa = PBXProject;
			attributes = {
				LastSwiftUpdateCheck = 1010;
				LastUpgradeCheck = 1010;
				ORGANIZATIONNAME = "Alex Bou";
				TargetAttributes = {
					023935C62202284F009D1FF1 = {
						CreatedOnToolsVersion = 10.1;
					};
				};
			};
			buildConfigurationList = 023935C22202284F009D1FF1 /* Build configuration list for PBXProject "pokemons" */;
			compatibilityVersion = "Xcode 9.3";
			developmentRegion = en;
			hasScannedForEncodings = 0;
			knownRegions = (
				en,
				Base,
			);
			mainGroup = 023935BE2202284F009D1FF1;
			productRefGroup = 023935C82202284F009D1FF1 /* Products */;
			projectDirPath = "";
			projectRoot = "";
			targets = (
				023935C62202284F009D1FF1 /* pokemons */,
			);
		};
/* End PBXProject section */

/* Begin PBXResourcesBuildPhase section */
		023935C52202284F009D1FF1 /* Resources */ = {
			isa = PBXResourcesBuildPhase;
			buildActionMask = 2147483647;
			files = (
				023935D522022851009D1FF1 /* LaunchScreen.storyboard in Resources */,
				02F233422204C37B0006F985 /* pokemon.csv in Resources */,
				023935D222022851009D1FF1 /* Assets.xcassets in Resources */,
				023935D02202284F009D1FF1 /* Main.storyboard in Resources */,
			);
			runOnlyForDeploymentPostprocessing = 0;
		};
/* End PBXResourcesBuildPhase section */

/* Begin PBXSourcesBuildPhase section */
		023935C32202284F009D1FF1 /* Sources */ = {
			isa = PBXSourcesBuildPhase;
			buildActionMask = 2147483647;
			files = (
				023935E922022C2A009D1FF1 /* Pokemon.swift in Sources */,
				023935E322022B23009D1FF1 /* TableViewCellCustom.swift in Sources */,
				02F2333E2204C2580006F985 /* CSV.swift in Sources */,
				02F233402204C32C0006F985 /* Utils.swift in Sources */,
				FA37217B22303CB300A291F0 /* ViewControllerPokemons.swift in Sources */,
				023935E722022C0E009D1FF1 /* ViewControllerItem.swift in Sources */,
				023935CB2202284F009D1FF1 /* AppDelegate.swift in Sources */,
			);
			runOnlyForDeploymentPostprocessing = 0;
		};
/* End PBXSourcesBuildPhase section */

/* Begin PBXVariantGroup section */
		023935CE2202284F009D1FF1 /* Main.storyboard */ = {
			isa = PBXVariantGroup;
			children = (
				023935CF2202284F009D1FF1 /* Base */,
			);
			name = Main.storyboard;
			sourceTree = "<group>";
		};
		023935D322022851009D1FF1 /* LaunchScreen.storyboard */ = {
			isa = PBXVariantGroup;
			children = (
				023935D422022851009D1FF1 /* Base */,
			);
			name = LaunchScreen.storyboard;
			sourceTree = "<group>";
		};
/* End PBXVariantGroup section */

/* Begin XCBuildConfiguration section */
		023935D722022851009D1FF1 /* Debug */ = {
			isa = XCBuildConfiguration;
			buildSettings = {
				ALWAYS_SEARCH_USER_PATHS = NO;
				CLANG_ANALYZER_NONNULL = YES;
				CLANG_ANALYZER_NUMBER_OBJECT_CONVERSION = YES_AGGRESSIVE;
				CLANG_CXX_LANGUAGE_STANDARD = "gnu++14";
				CLANG_CXX_LIBRARY = "libc++";
				CLANG_ENABLE_MODULES = YES;
				CLANG_ENABLE_OBJC_ARC = YES;
				CLANG_ENABLE_OBJC_WEAK = YES;
				CLANG_WARN_BLOCK_CAPTURE_AUTORELEASING = YES;
				CLANG_WARN_BOOL_CONVERSION = YES;
				CLANG_WARN_COMMA = YES;
				CLANG_WARN_CONSTANT_CONVERSION = YES;
				CLANG_WARN_DEPRECATED_OBJC_IMPLEMENTATIONS = YES;
				CLANG_WARN_DIRECT_OBJC_ISA_USAGE = YES_ERROR;
				CLANG_WARN_DOCUMENTATION_COMMENTS = YES;
				CLANG_WARN_EMPTY_BODY = YES;
				CLANG_WARN_ENUM_CONVERSION = YES;
				CLANG_WARN_INFINITE_RECURSION = YES;
				CLANG_WARN_INT_CONVERSION = YES;
				CLANG_WARN_NON_LITERAL_NULL_CONVERSION = YES;
				CLANG_WARN_OBJC_IMPLICIT_RETAIN_SELF = YES;
				CLANG_WARN_OBJC_LITERAL_CONVERSION = YES;
				CLANG_WARN_OBJC_ROOT_CLASS = YES_ERROR;
				CLANG_WARN_RANGE_LOOP_ANALYSIS = YES;
				CLANG_WARN_STRICT_PROTOTYPES = YES;
				CLANG_WARN_SUSPICIOUS_MOVE = YES;
				CLANG_WARN_UNGUARDED_AVAILABILITY = YES_AGGRESSIVE;
				CLANG_WARN_UNREACHABLE_CODE = YES;
				CLANG_WARN__DUPLICATE_METHOD_MATCH = YES;
				CODE_SIGN_IDENTITY = "iPhone Developer";
				COPY_PHASE_STRIP = NO;
				DEBUG_INFORMATION_FORMAT = dwarf;
				ENABLE_STRICT_OBJC_MSGSEND = YES;
				ENABLE_TESTABILITY = YES;
				GCC_C_LANGUAGE_STANDARD = gnu11;
				GCC_DYNAMIC_NO_PIC = NO;
				GCC_NO_COMMON_BLOCKS = YES;
				GCC_OPTIMIZATION_LEVEL = 0;
				GCC_PREPROCESSOR_DEFINITIONS = (
					"DEBUG=1",
					"$(inherited)",
				);
				GCC_WARN_64_TO_32_BIT_CONVERSION = YES;
				GCC_WARN_ABOUT_RETURN_TYPE = YES_ERROR;
				GCC_WARN_UNDECLARED_SELECTOR = YES;
				GCC_WARN_UNINITIALIZED_AUTOS = YES_AGGRESSIVE;
				GCC_WARN_UNUSED_FUNCTION = YES;
				GCC_WARN_UNUSED_VARIABLE = YES;
				IPHONEOS_DEPLOYMENT_TARGET = 12.1;
				MTL_ENABLE_DEBUG_INFO = INCLUDE_SOURCE;
				MTL_FAST_MATH = YES;
				ONLY_ACTIVE_ARCH = YES;
				SDKROOT = iphoneos;
				SWIFT_ACTIVE_COMPILATION_CONDITIONS = DEBUG;
				SWIFT_OPTIMIZATION_LEVEL = "-Onone";
			};
			name = Debug;
		};
		023935D822022851009D1FF1 /* Release */ = {
			isa = XCBuildConfiguration;
			buildSettings = {
				ALWAYS_SEARCH_USER_PATHS = NO;
				CLANG_ANALYZER_NONNULL = YES;
				CLANG_ANALYZER_NUMBER_OBJECT_CONVERSION = YES_AGGRESSIVE;
				CLANG_CXX_LANGUAGE_STANDARD = "gnu++14";
				CLANG_CXX_LIBRARY = "libc++";
				CLANG_ENABLE_MODULES = YES;
				CLANG_ENABLE_OBJC_ARC = YES;
				CLANG_ENABLE_OBJC_WEAK = YES;
				CLANG_WARN_BLOCK_CAPTURE_AUTORELEASING = YES;
				CLANG_WARN_BOOL_CONVERSION = YES;
				CLANG_WARN_COMMA = YES;
				CLANG_WARN_CONSTANT_CONVERSION = YES;
				CLANG_WARN_DEPRECATED_OBJC_IMPLEMENTATIONS = YES;
				CLANG_WARN_DIRECT_OBJC_ISA_USAGE = YES_ERROR;
				CLANG_WARN_DOCUMENTATION_COMMENTS = YES;
				CLANG_WARN_EMPTY_BODY = YES;
				CLANG_WARN_ENUM_CONVERSION = YES;
				CLANG_WARN_INFINITE_RECURSION = YES;
				CLANG_WARN_INT_CONVERSION = YES;
				CLANG_WARN_NON_LITERAL_NULL_CONVERSION = YES;
				CLANG_WARN_OBJC_IMPLICIT_RETAIN_SELF = YES;
				CLANG_WARN_OBJC_LITERAL_CONVERSION = YES;
				CLANG_WARN_OBJC_ROOT_CLASS = YES_ERROR;
				CLANG_WARN_RANGE_LOOP_ANALYSIS = YES;
				CLANG_WARN_STRICT_PROTOTYPES = YES;
				CLANG_WARN_SUSPICIOUS_MOVE = YES;
				CLANG_WARN_UNGUARDED_AVAILABILITY = YES_AGGRESSIVE;
				CLANG_WARN_UNREACHABLE_CODE = YES;
				CLANG_WARN__DUPLICATE_METHOD_MATCH = YES;
				CODE_SIGN_IDENTITY = "iPhone Developer";
				COPY_PHASE_STRIP = NO;
				DEBUG_INFORMATION_FORMAT = "dwarf-with-dsym";
				ENABLE_NS_ASSERTIONS = NO;
				ENABLE_STRICT_OBJC_MSGSEND = YES;
				GCC_C_LANGUAGE_STANDARD = gnu11;
				GCC_NO_COMMON_BLOCKS = YES;
				GCC_WARN_64_TO_32_BIT_CONVERSION = YES;
				GCC_WARN_ABOUT_RETURN_TYPE = YES_ERROR;
				GCC_WARN_UNDECLARED_SELECTOR = YES;
				GCC_WARN_UNINITIALIZED_AUTOS = YES_AGGRESSIVE;
				GCC_WARN_UNUSED_FUNCTION = YES;
				GCC_WARN_UNUSED_VARIABLE = YES;
				IPHONEOS_DEPLOYMENT_TARGET = 12.1;
				MTL_ENABLE_DEBUG_INFO = NO;
				MTL_FAST_MATH = YES;
				SDKROOT = iphoneos;
				SWIFT_COMPILATION_MODE = wholemodule;
				SWIFT_OPTIMIZATION_LEVEL = "-O";
				VALIDATE_PRODUCT = YES;
			};
			name = Release;
		};
		023935DA22022851009D1FF1 /* Debug */ = {
			isa = XCBuildConfiguration;
			buildSettings = {
				ASSETCATALOG_COMPILER_APPICON_NAME = AppIcon;
				CODE_SIGN_STYLE = Automatic;
				DEVELOPMENT_TEAM = 233584LSTF;
				INFOPLIST_FILE = pokemons/Info.plist;
				LD_RUNPATH_SEARCH_PATHS = (
					"$(inherited)",
					"@executable_path/Frameworks",
				);
				PRODUCT_BUNDLE_IDENTIFIER = com.abou.stucom.pokemons;
				PRODUCT_NAME = "$(TARGET_NAME)";
				SWIFT_VERSION = 4.2;
				TARGETED_DEVICE_FAMILY = "1,2";
			};
			name = Debug;
		};
		023935DB22022851009D1FF1 /* Release */ = {
			isa = XCBuildConfiguration;
			buildSettings = {
				ASSETCATALOG_COMPILER_APPICON_NAME = AppIcon;
				CODE_SIGN_STYLE = Automatic;
				DEVELOPMENT_TEAM = 233584LSTF;
				INFOPLIST_FILE = pokemons/Info.plist;
				LD_RUNPATH_SEARCH_PATHS = (
					"$(inherited)",
					"@executable_path/Frameworks",
				);
				PRODUCT_BUNDLE_IDENTIFIER = com.abou.stucom.pokemons;
				PRODUCT_NAME = "$(TARGET_NAME)";
				SWIFT_VERSION = 4.2;
				TARGETED_DEVICE_FAMILY = "1,2";
			};
			name = Release;
		};
/* End XCBuildConfiguration section */

/* Begin XCConfigurationList section */
		023935C22202284F009D1FF1 /* Build configuration list for PBXProject "pokemons" */ = {
			isa = XCConfigurationList;
			buildConfigurations = (
				023935D722022851009D1FF1 /* Debug */,
				023935D822022851009D1FF1 /* Release */,
			);
			defaultConfigurationIsVisible = 0;
			defaultConfigurationName = Release;
		};
		023935D922022851009D1FF1 /* Build configuration list for PBXNativeTarget "pokemons" */ = {
			isa = XCConfigurationList;
			buildConfigurations = (
				023935DA22022851009D1FF1 /* Debug */,
				023935DB22022851009D1FF1 /* Release */,
			);
			defaultConfigurationIsVisible = 0;
			defaultConfigurationName = Release;
		};
/* End XCConfigurationList section */
	};
	rootObject = 023935BF2202284F009D1FF1 /* Project object */;
}
